
Microsoft Visual Studio Solution File, Format Version 12.00
# Visual Studio Version 16
VisualStudioVersion = 16.0.29215.179
MinimumVisualStudioVersion = 10.0.40219.1
Project("{FAE04EC0-301F-11D3-BF4B-00C04F79EFBC}") = "Word Processor", "Word Processor\Word Processor.csproj", "{6997F9C9-156C-4A33-B698-A0A720731BFE}"
EndProject
Global
	GlobalSection(SolutionConfigurationPlatforms) = preSolution
		Debug|Any CPU = Debug|Any CPU
		Release|Any CPU = Release|Any CPU
	EndGlobalSection
	GlobalSection(ProjectConfigurationPlatforms) = postSolution
		{6997F9C9-156C-4A33-B698-A0A720731BFE}.Debug|Any CPU.ActiveCfg = Debug|Any CPU
		{6997F9C9-156C-4A33-B698-A0A720731BFE}.Debug|Any CPU.Build.0 = Debug|Any CPU
		{6997F9C9-156C-4A33-B698-A0A720731BFE}.Release|Any CPU.ActiveCfg = Release|Any CPU
		{6997F9C9-156C-4A33-B698-A0A720731BFE}.Release|Any CPU.Build.0 = Release|Any CPU
	EndGlobalSection
	GlobalSection(SolutionProperties) = preSolution
		HideSolutionNode = FALSE
	EndGlobalSection
	GlobalSection(ExtensibilityGlobals) = postSolution
		SolutionGuid = {F5A102D1-ACC4-4E67-B7BE-56C798512BD8}
	EndGlobalSection
EndGlobal
